// !$*UTF8*$!
{
	archiveVersion = 1;
	classes = {
	};
	objectVersion = 46;
	objects = {

/* Begin PBXBuildFile section */
		A820B1DE1E0873AF005F5BD9 /* User.swift in Sources */ = {isa = PBXBuildFile; fileRef = A820B1DD1E0873AF005F5BD9 /* User.swift */; };
		A8EB65F41E07356F00A17CA0 /* main.swift in Sources */ = {isa = PBXBuildFile; fileRef = A8EB65F31E07356F00A17CA0 /* main.swift */; };
		A8EB65FB1E0736A000A17CA0 /* util.swift in Sources */ = {isa = PBXBuildFile; fileRef = A8EB65FA1E0736A000A17CA0 /* util.swift */; };
/* End PBXBuildFile section */

/* Begin PBXCopyFilesBuildPhase section */
		A8EB65EE1E07356F00A17CA0 /* CopyFiles */ = {
			isa = PBXCopyFilesBuildPhase;
			buildActionMask = 2147483647;
			dstPath = /usr/share/man/man1/;
			dstSubfolderSpec = 0;
			files = (
			);
			runOnlyForDeploymentPostprocessing = 1;
		};
/* End PBXCopyFilesBuildPhase section */

/* Begin PBXFileReference section */
		A820B1DD1E0873AF005F5BD9 /* User.swift */ = {isa = PBXFileReference; fileEncoding = 4; lastKnownFileType = sourcecode.swift; path = User.swift; sourceTree = "<group>"; };
		A8EB65F01E07356F00A17CA0 /* swiftBank */ = {isa = PBXFileReference; explicitFileType = "compiled.mach-o.executable"; includeInIndex = 0; path = swiftBank; sourceTree = BUILT_PRODUCTS_DIR; };
		A8EB65F31E07356F00A17CA0 /* main.swift */ = {isa = PBXFileReference; lastKnownFileType = sourcecode.swift; path = main.swift; sourceTree = "<group>"; };
		A8EB65FA1E0736A000A17CA0 /* util.swift */ = {isa = PBXFileReference; fileEncoding = 4; lastKnownFileType = sourcecode.swift; path = util.swift; sourceTree = "<group>"; };
/* End PBXFileReference section */

/* Begin PBXFrameworksBuildPhase section */
		A8EB65ED1E07356F00A17CA0 /* Frameworks */ = {
			isa = PBXFrameworksBuildPhase;
			buildActionMask = 2147483647;
			files = (
			);
			runOnlyForDeploymentPostprocessing = 0;
		};
/* End PBXFrameworksBuildPhase section */

/* Begin PBXGroup section */
		A8EB65E71E07356F00A17CA0 = {
			isa = PBXGroup;
			children = (
				A8EB65F21E07356F00A17CA0 /* swiftBank */,
				A8EB65F11E07356F00A17CA0 /* Products */,
			);
			sourceTree = "<group>";
		};
		A8EB65F11E07356F00A17CA0 /* Products */ = {
			isa = PBXGroup;
			children = (
				A8EB65F01E07356F00A17CA0 /* swiftBank */,
			);
			name = Products;
			sourceTree = "<group>";
		};
		A8EB65F21E07356F00A17CA0 /* swiftBank */ = {
			isa = PBXGroup;
			children = (
				A8EB65F31E07356F00A17CA0 /* main.swift */,
				A8EB65FA1E0736A000A17CA0 /* util.swift */,
				A820B1DD1E0873AF005F5BD9 /* User.swift */,
			);
			path = swiftBank;
			sourceTree = "<group>";
		};
/* End PBXGroup section */

/* Begin PBXNativeTarget section */
		A8EB65EF1E07356F00A17CA0 /* swiftBank */ = {
			isa = PBXNativeTarget;
			buildConfigurationList = A8EB65F71E07356F00A17CA0 /* Build configuration list for PBXNativeTarget "swiftBank" */;
			buildPhases = (
				A8EB65EC1E07356F00A17CA0 /* Sources */,
				A8EB65ED1E07356F00A17CA0 /* Frameworks */,
				A8EB65EE1E07356F00A17CA0 /* CopyFiles */,
			);
			buildRules = (
			);
			dependencies = (
			);
			name = swiftBank;
			productName = swiftBank;
			productReference = A8EB65F01E07356F00A17CA0 /* swiftBank */;
			productType = "com.apple.product-type.tool";
		};
/* End PBXNativeTarget section */

/* Begin PBXProject section */
		A8EB65E81E07356F00A17CA0 /* Project object */ = {
			isa = PBXProject;
			attributes = {
				LastSwiftUpdateCheck = 0800;
				LastUpgradeCheck = 0800;
				ORGANIZATIONNAME = "Mehedee Hassan";
				TargetAttributes = {
					A8EB65EF1E07356F00A17CA0 = {
						CreatedOnToolsVersion = 8.0;
						ProvisioningStyle = Automatic;
					};
				};
			};
			buildConfigurationList = A8EB65EB1E07356F00A17CA0 /* Build configuration list for PBXProject "swiftBank" */;
			compatibilityVersion = "Xcode 3.2";
			developmentRegion = English;
			hasScannedForEncodings = 0;
			knownRegions = (
				en,
			);
			mainGroup = A8EB65E71E07356F00A17CA0;
			productRefGroup = A8EB65F11E07356F00A17CA0 /* Products */;
			projectDirPath = "";
			projectRoot = "";
			targets = (
				A8EB65EF1E07356F00A17CA0 /* swiftBank */,
			);
		};
/* End PBXProject section */

/* Begin PBXSourcesBuildPhase section */
		A8EB65EC1E07356F00A17CA0 /* Sources */ = {
			isa = PBXSourcesBuildPhase;
			buildActionMask = 2147483647;
			files = (
				A8EB65F41E07356F00A17CA0 /* main.swift in Sources */,
				A8EB65FB1E0736A000A17CA0 /* util.swift in Sources */,
				A820B1DE1E0873AF005F5BD9 /* User.swift in Sources */,
			);
			runOnlyForDeploymentPostprocessing = 0;
		};
/* End PBXSourcesBuildPhase section */

/* Begin XCBuildConfiguration section */
		A8EB65F51E07356F00A17CA0 /* Debug */ = {
			isa = XCBuildConfiguration;
			buildSettings = {
				ALWAYS_SEARCH_USER_PATHS = NO;
				CLANG_ANALYZER_NONNULL = YES;
				CLANG_CXX_LANGUAGE_STANDARD = "gnu++0x";
				CLANG_CXX_LIBRARY = "libc++";
				CLANG_ENABLE_MODULES = YES;
				CLANG_ENABLE_OBJC_ARC = YES;
				CLANG_WARN_BOOL_CONVERSION = YES;
				CLANG_WARN_CONSTANT_CONVERSION = YES;
				CLANG_WARN_DIRECT_OBJC_ISA_USAGE = YES_ERROR;
				CLANG_WARN_DOCUMENTATION_COMMENTS = YES;
				CLANG_WARN_EMPTY_BODY = YES;
				CLANG_WARN_ENUM_CONVERSION = YES;
				CLANG_WARN_INFINITE_RECURSION = YES;
				CLANG_WARN_INT_CONVERSION = YES;
				CLANG_WARN_OBJC_ROOT_CLASS = YES_ERROR;
				CLANG_WARN_SUSPICIOUS_MOVES = YES;
				CLANG_WARN_UNREACHABLE_CODE = YES;
				CLANG_WARN__DUPLICATE_METHOD_MATCH = YES;
				CODE_SIGN_IDENTITY = "-";
				COPY_PHASE_STRIP = NO;
				DEBUG_INFORMATION_FORMAT = dwarf;
				ENABLE_STRICT_OBJC_MSGSEND = YES;
				ENABLE_TESTABILITY = YES;
				GCC_C_LANGUAGE_STANDARD = gnu99;
				GCC_DYNAMIC_NO_PIC = NO;
				GCC_NO_COMMON_BLOCKS = YES;
				GCC_OPTIMIZATION_LEVEL = 0;
				GCC_PREPROCESSOR_DEFINITIONS = (
					"DEBUG=1",
					"$(inherited)",
				);
				GCC_WARN_64_TO_32_BIT_CONVERSION = YES;
				GCC_WARN_ABOUT_RETURN_TYPE = YES_ERROR;
				GCC_WARN_UNDECLARED_SELECTOR = YES;
				GCC_WARN_UNINITIALIZED_AUTOS = YES_AGGRESSIVE;
				GCC_WARN_UNUSED_FUNCTION = YES;
				GCC_WARN_UNUSED_VARIABLE = YES;
				MACOSX_DEPLOYMENT_TARGET = 10.11;
				MTL_ENABLE_DEBUG_INFO = YES;
				ONLY_ACTIVE_ARCH = YES;
				SDKROOT = macosx;
				SWIFT_OPTIMIZATION_LEVEL = "-Onone";
			};
			name = Debug;
		};
		A8EB65F61E07356F00A17CA0 /* Release */ = {
			isa = XCBuildConfiguration;
			buildSettings = {
				ALWAYS_SEARCH_USER_PATHS = NO;
				CLANG_ANALYZER_NONNULL = YES;
				CLANG_CXX_LANGUAGE_STANDARD = "gnu++0x";
				CLANG_CXX_LIBRARY = "libc++";
				CLANG_ENABLE_MODULES = YES;
				CLANG_ENABLE_OBJC_ARC = YES;
				CLANG_WARN_BOOL_CONVERSION = YES;
				CLANG_WARN_CONSTANT_CONVERSION = YES;
				CLANG_WARN_DIRECT_OBJC_ISA_USAGE = YES_ERROR;
				CLANG_WARN_DOCUMENTATION_COMMENTS = YES;
				CLANG_WARN_EMPTY_BODY = YES;
				CLANG_WARN_ENUM_CONVERSION = YES;
				CLANG_WARN_INFINITE_RECURSION = YES;
				CLANG_WARN_INT_CONVERSION = YES;
				CLANG_WARN_OBJC_ROOT_CLASS = YES_ERROR;
				CLANG_WARN_SUSPICIOUS_MOVES = YES;
				CLANG_WARN_UNREACHABLE_CODE = YES;
				CLANG_WARN__DUPLICATE_METHOD_MATCH = YES;
				CODE_SIGN_IDENTITY = "-";
				COPY_PHASE_STRIP = NO;
				DEBUG_INFORMATION_FORMAT = "dwarf-with-dsym";
				ENABLE_NS_ASSERTIONS = NO;
				ENABLE_STRICT_OBJC_MSGSEND = YES;
				GCC_C_LANGUAGE_STANDARD = gnu99;
				GCC_NO_COMMON_BLOCKS = YES;
				GCC_WARN_64_TO_32_BIT_CONVERSION = YES;
				GCC_WARN_ABOUT_RETURN_TYPE = YES_ERROR;
				GCC_WARN_UNDECLARED_SELECTOR = YES;
				GCC_WARN_UNINITIALIZED_AUTOS = YES_AGGRESSIVE;
				GCC_WARN_UNUSED_FUNCTION = YES;
				GCC_WARN_UNUSED_VARIABLE = YES;
				MACOSX_DEPLOYMENT_TARGET = 10.11;
				MTL_ENABLE_DEBUG_INFO = NO;
				SDKROOT = macosx;
			};
			name = Release;
		};
		A8EB65F81E07356F00A17CA0 /* Debug */ = {
			isa = XCBuildConfiguration;
			buildSettings = {
				PRODUCT_NAME = "$(TARGET_NAME)";
				SWIFT_VERSION = 3.0;
			};
			name = Debug;
		};
		A8EB65F91E07356F00A17CA0 /* Release */ = {
			isa = XCBuildConfiguration;
			buildSettings = {
				PRODUCT_NAME = "$(TARGET_NAME)";
				SWIFT_VERSION = 3.0;
			};
			name = Release;
		};
/* End XCBuildConfiguration section */

/* Begin XCConfigurationList section */
		A8EB65EB1E07356F00A17CA0 /* Build configuration list for PBXProject "swiftBank" */ = {
			isa = XCConfigurationList;
			buildConfigurations = (
				A8EB65F51E07356F00A17CA0 /* Debug */,
				A8EB65F61E07356F00A17CA0 /* Release */,
			);
			defaultConfigurationIsVisible = 0;
			defaultConfigurationName = Release;
		};
		A8EB65F71E07356F00A17CA0 /* Build configuration list for PBXNativeTarget "swiftBank" */ = {
			isa = XCConfigurationList;
			buildConfigurations = (
				A8EB65F81E07356F00A17CA0 /* Debug */,
				A8EB65F91E07356F00A17CA0 /* Release */,
			);
			defaultConfigurationIsVisible = 0;
			defaultConfigurationName = Release;
		};
/* End XCConfigurationList section */
	};
	rootObject = A8EB65E81E07356F00A17CA0 /* Project object */;
}
